<?xml version="1.0" encoding="UTF-8"?>
<Project ToolsVersion="14.0" xmlns="http://schemas.microsoft.com/developer/msbuild/2003">
  <ItemGroup>
    <CustomBuild Include="C:\ez-gen-test\build_win32\CMakeFiles\c37ae5c581dec195adb41e47ea762d31\INSTALL_force.rule">
      <Filter>CMake Rules</Filter>
    </CustomBuild>
  </ItemGroup>
  <ItemGroup>
    <Filter Include="CMake Rules">
      <UniqueIdentifier>{A170E854-A6AA-321C-AB62-6AB708BE9706}</UniqueIdentifier>
    </Filter>
  </ItemGroup>
</Project>
