<?xml version="1.0" encoding="utf-8"?>
<Project ToolsVersion="4.0" xmlns="http://schemas.microsoft.com/developer/msbuild/2003">
  <ItemGroup>
    <Filter Include="Source Files">
      <UniqueIdentifier>{4FC737F1-C7A5-4376-A066-2A32D752A2FF}</UniqueIdentifier>
      <Extensions>cpp;c;cc;cxx;def;odl;idl;hpj;bat;asm;asmx</Extensions>
    </Filter>
    <Filter Include="Header Files">
      <UniqueIdentifier>{93995380-89BD-4b04-88EB-625FBE52EBFB}</UniqueIdentifier>
      <Extensions>h;hh;hpp;hxx;hm;inl;inc;xsd</Extensions>
    </Filter>
    <Filter Include="Resource Files">
      <UniqueIdentifier>{67DA6AB6-F800-4c08-8B7A-83BB121AAD01}</UniqueIdentifier>
      <Extensions>rc;ico;cur;bmp;dlg;rc2;rct;bin;rgs;gif;jpg;jpeg;jpe;resx;tiff;tif;png;wav;mfcribbon-ms</Extensions>
    </Filter>
    <Filter Include="Math">
      <UniqueIdentifier>{a30f559d-64a9-4d03-894c-d5873d56f99a}</UniqueIdentifier>
    </Filter>
    <Filter Include="Graphics">
      <UniqueIdentifier>{f8050080-949b-465d-855b-f91f97e05dfe}</UniqueIdentifier>
    </Filter>
    <Filter Include="Shapes">
      <UniqueIdentifier>{215179f5-dba8-4cce-8595-a30e2e2a3c8b}</UniqueIdentifier>
    </Filter>
    <Filter Include="Managers">
      <UniqueIdentifier>{b0e45f34-5877-448c-a08e-8f01306b9726}</UniqueIdentifier>
    </Filter>
    <Filter Include="Interfaces">
      <UniqueIdentifier>{fabd4207-dee7-4455-9e84-43adec8ef4c8}</UniqueIdentifier>
    </Filter>
    <Filter Include="App">
      <UniqueIdentifier>{7e9259f4-ac95-4da3-85a3-7f8b61d4e8c2}</UniqueIdentifier>
    </Filter>
  </ItemGroup>
  <ItemGroup>
    <ClCompile Include="Main.cpp">
      <Filter>Source Files</Filter>
    </ClCompile>
    <ClCompile Include="Buffer.cpp">
      <Filter>Graphics</Filter>
    </ClCompile>
    <ClCompile Include="IndexBuffer.cpp">
      <Filter>Graphics</Filter>
    </ClCompile>
    <ClCompile Include="SimpleRenderer.cpp">
      <Filter>Graphics</Filter>
    </ClCompile>
    <ClCompile Include="Shader.cpp">
      <Filter>Graphics</Filter>
    </ClCompile>
    <ClCompile Include="Sprite.cpp">
      <Filter>Graphics</Filter>
    </ClCompile>
    <ClCompile Include="VertexArray.cpp">
      <Filter>Graphics</Filter>
    </ClCompile>
    <ClCompile Include="Window.cpp">
      <Filter>Graphics</Filter>
    </ClCompile>
    <ClCompile Include="Vec2.cpp">
      <Filter>Math</Filter>
    </ClCompile>
    <ClCompile Include="Vec3.cpp">
      <Filter>Math</Filter>
    </ClCompile>
    <ClCompile Include="Vec4.cpp">
      <Filter>Math</Filter>
    </ClCompile>
    <ClCompile Include="Mat4.cpp">
      <Filter>Math</Filter>
    </ClCompile>
    <ClCompile Include="Triangle.cpp">
      <Filter>Shapes</Filter>
    </ClCompile>
    <ClCompile Include="Rectangle.cpp">
      <Filter>Shapes</Filter>
    </ClCompile>
    <ClCompile Include="InputManager.cpp">
      <Filter>Managers</Filter>
    </ClCompile>
    <ClCompile Include="Application.cpp">
      <Filter>App</Filter>
    </ClCompile>
  </ItemGroup>
  <ItemGroup>
    <None Include="packages.config" />
    <None Include="basic.vert">
      <Filter>Resource Files</Filter>
    </None>
    <None Include="basic.frag">
      <Filter>Resource Files</Filter>
    </None>
  </ItemGroup>
  <ItemGroup>
    <ClInclude Include="Vec2.h">
      <Filter>Math</Filter>
    </ClInclude>
    <ClInclude Include="Vec3.h">
      <Filter>Math</Filter>
    </ClInclude>
    <ClInclude Include="Vec4.h">
      <Filter>Math</Filter>
    </ClInclude>
    <ClInclude Include="Buffer.h">
      <Filter>Graphics</Filter>
    </ClInclude>
    <ClInclude Include="IndexBuffer.h">
      <Filter>Graphics</Filter>
    </ClInclude>
    <ClInclude Include="Shader.h">
      <Filter>Graphics</Filter>
    </ClInclude>
    <ClInclude Include="SimpleRenderer.h">
      <Filter>Graphics</Filter>
    </ClInclude>
    <ClInclude Include="Sprite.h">
      <Filter>Graphics</Filter>
    </ClInclude>
    <ClInclude Include="VertexArray.h">
      <Filter>Graphics</Filter>
    </ClInclude>
    <ClInclude Include="Window.h">
      <Filter>Graphics</Filter>
    </ClInclude>
    <ClInclude Include="Mat4.h">
      <Filter>Math</Filter>
    </ClInclude>
    <ClInclude Include="Triangle.h">
      <Filter>Shapes</Filter>
    </ClInclude>
    <ClInclude Include="Rectangle.h">
      <Filter>Shapes</Filter>
    </ClInclude>
    <ClInclude Include="Entity.h">
      <Filter>Shapes</Filter>
    </ClInclude>
    <ClInclude Include="InputManager.h">
      <Filter>Managers</Filter>
    </ClInclude>
    <ClInclude Include="Application.h">
      <Filter>App</Filter>
    </ClInclude>
  </ItemGroup>
</Project>