Microsoft Visual Studio Solution File, Format Version 12.00
# Visual Studio 14
Project("{8BC9CEB8-8B4A-11D0-8D11-00A0C91BC942}") = "ALL_BUILD", "ALL_BUILD.vcxproj", "{1F411E76-8D15-318D-9112-620BB468A447}"
	ProjectSection(ProjectDependencies) = postProject
		{A55FA014-F0D5-306F-A137-233618F4D531} = {A55FA014-F0D5-306F-A137-233618F4D531}
	EndProjectSection
EndProject
Project("{8BC9CEB8-8B4A-11D0-8D11-00A0C91BC942}") = "INSTALL", "INSTALL.vcxproj", "{FC966D1B-E95F-359E-AFC6-114E1AB241F9}"
	ProjectSection(ProjectDependencies) = postProject
		{1F411E76-8D15-318D-9112-620BB468A447} = {1F411E76-8D15-318D-9112-620BB468A447}
	EndProjectSection
EndProject
Project("{8BC9CEB8-8B4A-11D0-8D11-00A0C91BC942}") = "studious-engine", "studious-engine\studious-engine.vcxproj", "{A55FA014-F0D5-306F-A137-233618F4D531}"
	ProjectSection(ProjectDependencies) = postProject
	EndProjectSection
EndProject
Global
	GlobalSection(SolutionConfigurationPlatforms) = preSolution
		Debug|x64 = Debug|x64
		Release|x64 = Release|x64
	EndGlobalSection
	GlobalSection(ProjectConfigurationPlatforms) = postSolution
		{1F411E76-8D15-318D-9112-620BB468A447}.Debug|x64.ActiveCfg = Debug|x64
		{1F411E76-8D15-318D-9112-620BB468A447}.Debug|x64.Build.0 = Debug|x64
		{1F411E76-8D15-318D-9112-620BB468A447}.Release|x64.ActiveCfg = Release|x64
		{1F411E76-8D15-318D-9112-620BB468A447}.Release|x64.Build.0 = Release|x64
		{FC966D1B-E95F-359E-AFC6-114E1AB241F9}.Debug|x64.ActiveCfg = Debug|x64
		{FC966D1B-E95F-359E-AFC6-114E1AB241F9}.Release|x64.ActiveCfg = Release|x64
		{A55FA014-F0D5-306F-A137-233618F4D531}.Debug|x64.ActiveCfg = Debug|x64
		{A55FA014-F0D5-306F-A137-233618F4D531}.Debug|x64.Build.0 = Debug|x64
		{A55FA014-F0D5-306F-A137-233618F4D531}.Release|x64.ActiveCfg = Release|x64
		{A55FA014-F0D5-306F-A137-233618F4D531}.Release|x64.Build.0 = Release|x64
	EndGlobalSection
	GlobalSection(ExtensibilityGlobals) = postSolution
		SolutionGuid = {7B78F105-A67B-32E6-BE56-AC902E6FF71F}
	EndGlobalSection
	GlobalSection(ExtensibilityAddIns) = postSolution
	EndGlobalSection
EndGlobal
