<?xml version="1.0" encoding="UTF-8"?>
<Project ToolsVersion="14.0" xmlns="http://schemas.microsoft.com/developer/msbuild/2003">
  <ItemGroup>
    <ClCompile Include="D:\mechanics\studious-engine\ez-brick-breaker\src\brick-breaker\PublicFiles\Main.cpp">
      <Filter>PublicFiles</Filter>
    </ClCompile>
  </ItemGroup>
  <ItemGroup>
    <Filter Include="PublicFiles">
      <UniqueIdentifier>{C1BBAE8C-50DB-38D7-879A-42F47D56300A}</UniqueIdentifier>
    </Filter>
  </ItemGroup>
</Project>
